
Microsoft Visual Studio Solution File, Format Version 12.00
# Visual Studio Version 16
VisualStudioVersion = 16.0.31129.286
MinimumVisualStudioVersion = 10.0.40219.1
Project("{FAE04EC0-301F-11D3-BF4B-00C04F79EFBC}") = "ProjetLocVehicule", "ProjetLocVehicule\ProjetLocVehicule.csproj", "{10B444A1-6D82-4290-9EFF-728981563DA1}"
EndProject
Project("{FAE04EC0-301F-11D3-BF4B-00C04F79EFBC}") = "SpecFlowLocVehicule.Specs", "SpecFlowLocVehicule.Specs\SpecFlowLocVehicule.Specs.csproj", "{5BAF3557-FFFF-4D16-ABAE-A0CA5CCC5D73}"
EndProject
Global
	GlobalSection(SolutionConfigurationPlatforms) = preSolution
		Debug|Any CPU = Debug|Any CPU
		Release|Any CPU = Release|Any CPU
	EndGlobalSection
	GlobalSection(ProjectConfigurationPlatforms) = postSolution
		{10B444A1-6D82-4290-9EFF-728981563DA1}.Debug|Any CPU.ActiveCfg = Debug|Any CPU
		{10B444A1-6D82-4290-9EFF-728981563DA1}.Debug|Any CPU.Build.0 = Debug|Any CPU
		{10B444A1-6D82-4290-9EFF-728981563DA1}.Release|Any CPU.ActiveCfg = Release|Any CPU
		{10B444A1-6D82-4290-9EFF-728981563DA1}.Release|Any CPU.Build.0 = Release|Any CPU
		{5BAF3557-FFFF-4D16-ABAE-A0CA5CCC5D73}.Debug|Any CPU.ActiveCfg = Debug|Any CPU
		{5BAF3557-FFFF-4D16-ABAE-A0CA5CCC5D73}.Debug|Any CPU.Build.0 = Debug|Any CPU
		{5BAF3557-FFFF-4D16-ABAE-A0CA5CCC5D73}.Release|Any CPU.ActiveCfg = Release|Any CPU
		{5BAF3557-FFFF-4D16-ABAE-A0CA5CCC5D73}.Release|Any CPU.Build.0 = Release|Any CPU
	EndGlobalSection
	GlobalSection(SolutionProperties) = preSolution
		HideSolutionNode = FALSE
	EndGlobalSection
	GlobalSection(ExtensibilityGlobals) = postSolution
		SolutionGuid = {51893FC9-7A7D-447B-AC8C-A0CB95B7BF08}
	EndGlobalSection
EndGlobal
